
Microsoft Visual Studio Solution File, Format Version 12.00
# Visual Studio Version 17
VisualStudioVersion = 17.8.34525.116
MinimumVisualStudioVersion = 10.0.40219.1
Project("{FAE04EC0-301F-11D3-BF4B-00C04F79EFBC}") = "ST10251759_CLDV6212_POE_Part_1", "ST10251759_CLDV6212_POE_Part_1.csproj", "{912ACD16-9D10-4AB2-872B-E7FD3512BC16}"
EndProject
Global
	GlobalSection(SolutionConfigurationPlatforms) = preSolution
		Debug|Any CPU = Debug|Any CPU
		Release|Any CPU = Release|Any CPU
	EndGlobalSection
	GlobalSection(ProjectConfigurationPlatforms) = postSolution
		{912ACD16-9D10-4AB2-872B-E7FD3512BC16}.Debug|Any CPU.ActiveCfg = Debug|Any CPU
		{912ACD16-9D10-4AB2-872B-E7FD3512BC16}.Debug|Any CPU.Build.0 = Debug|Any CPU
		{912ACD16-9D10-4AB2-872B-E7FD3512BC16}.Release|Any CPU.ActiveCfg = Release|Any CPU
		{912ACD16-9D10-4AB2-872B-E7FD3512BC16}.Release|Any CPU.Build.0 = Release|Any CPU
	EndGlobalSection
	GlobalSection(SolutionProperties) = preSolution
		HideSolutionNode = FALSE
	EndGlobalSection
	GlobalSection(ExtensibilityGlobals) = postSolution
		SolutionGuid = {9C2AD289-E24D-43FD-8499-0BD34C463E0A}
	EndGlobalSection
EndGlobal
